17470038482361845369
PEGTL 68f446153c5c736035dbee1286e788f904006add
cista e1be97b0b515dc8eba5dd358c5e69870e8cd61df
res 7d97784ba785ce8a2677ea77164040fde484fb04
date 646ba5e2e76636d9e65aaa3cf32e3e3a43defa2c
googletest 34a46558609e05865c197f0260ab36daa7cbbb6e
fmt edb385ac526c24bc917ec4a41bb0edb28f0ca59e
utl 80df7a6f1e2de4d290c48e9218d48eb9792b7289
